PODS:
  - Alamofire (4.5.0)
  - SwiftyStoreKit (0.10.6)

DEPENDENCIES:
  - Alamofire
  - SwiftyStoreKit

SPEC CHECKSUMS:
  Alamofire: f28cdffd29de33a7bfa022cbd63ae95a27fae140
  SwiftyStoreKit: 47f607a2478a012e0624b54754fc7cb5f8ebe43d

PODFILE CHECKSUM: ac0865c3359a68f2e08eb857e37dc2f587d48e88

COCOAPODS: 1.2.1
