PODS:
  - Alamofire (4.5.0)
  - SwiftyStoreKit (0.10.4)

DEPENDENCIES:
  - Alamofire
  - SwiftyStoreKit

SPEC CHECKSUMS:
  Alamofire: f28cdffd29de33a7bfa022cbd63ae95a27fae140
  SwiftyStoreKit: f38427d347c8ad0a0d250ae2b64f9f2fcde0569c

PODFILE CHECKSUM: b15fb719554b6f7db55c4d1cb7cc1feb8fd1c926

COCOAPODS: 1.2.1
