// !$*UTF8*$!
{
	archiveVersion = 1;
	classes = {
	};
	objectVersion = 46;
	objects = {

/* Begin PBXBuildFile section */
		3A6F94B441949923C388346C /* Pods_Twitter.framework in Frameworks */ = {isa = PBXBuildFile; fileRef = 9537B171F7A6B10DC23AC4DD /* Pods_Twitter.framework */; };
		D7B9EFC61F283376002B5A8A /* AppDelegate.swift in Sources */ = {isa = PBXBuildFile; fileRef = D7B9EFC51F283376002B5A8A /* AppDelegate.swift */; };
		D7B9EFC81F283376002B5A8A /* LoginViewController.swift in Sources */ = {isa = PBXBuildFile; fileRef = D7B9EFC71F283376002B5A8A /* LoginViewController.swift */; };
		D7B9EFCB1F283376002B5A8A /* Main.storyboard in Resources */ = {isa = PBXBuildFile; fileRef = D7B9EFC91F283376002B5A8A /* Main.storyboard */; };
		D7B9EFCD1F283376002B5A8A /* Assets.xcassets in Resources */ = {isa = PBXBuildFile; fileRef = D7B9EFCC1F283376002B5A8A /* Assets.xcassets */; };
		D7B9EFD01F283376002B5A8A /* LaunchScreen.storyboard in Resources */ = {isa = PBXBuildFile; fileRef = D7B9EFCE1F283376002B5A8A /* LaunchScreen.storyboard */; };
		D7B9EFDF1F289016002B5A8A /* logo.png in Resources */ = {isa = PBXBuildFile; fileRef = D7B9EFDE1F289016002B5A8A /* logo.png */; };
		D7B9EFE31F2914A0002B5A8A /* loading.gif in Resources */ = {isa = PBXBuildFile; fileRef = D7B9EFE21F2914A0002B5A8A /* loading.gif */; };
		D7B9EFE51F291796002B5A8A /* iOSDevCenters+GIF.swift in Sources */ = {isa = PBXBuildFile; fileRef = D7B9EFE41F291796002B5A8A /* iOSDevCenters+GIF.swift */; };
		D7B9EFE71F292F71002B5A8A /* HomeViewController.swift in Sources */ = {isa = PBXBuildFile; fileRef = D7B9EFE61F292F71002B5A8A /* HomeViewController.swift */; };
		D7B9EFE91F2931F4002B5A8A /* AppData.swift in Sources */ = {isa = PBXBuildFile; fileRef = D7B9EFE81F2931F4002B5A8A /* AppData.swift */; };
		D7B9EFEB1F293BF1002B5A8A /* coin.png in Resources */ = {isa = PBXBuildFile; fileRef = D7B9EFEA1F293BF1002B5A8A /* coin.png */; };
		D7B9EFEF1F298ED6002B5A8A /* avatar.png in Resources */ = {isa = PBXBuildFile; fileRef = D7B9EFEE1F298ED6002B5A8A /* avatar.png */; };
		D7B9EFF11F29956F002B5A8A /* UserPanelViewController.swift in Sources */ = {isa = PBXBuildFile; fileRef = D7B9EFF01F29956E002B5A8A /* UserPanelViewController.swift */; };
		D7B9EFF41F29E0BC002B5A8A /* WelcomeVC.swift in Sources */ = {isa = PBXBuildFile; fileRef = D7B9EFF31F29E0BC002B5A8A /* WelcomeVC.swift */; };
		D7B9EFF81F29E140002B5A8A /* AnalysisVC.swift in Sources */ = {isa = PBXBuildFile; fileRef = D7B9EFF71F29E13F002B5A8A /* AnalysisVC.swift */; };
		D7B9EFFA1F29E15C002B5A8A /* Tip1VC.swift in Sources */ = {isa = PBXBuildFile; fileRef = D7B9EFF91F29E15C002B5A8A /* Tip1VC.swift */; };
		D7B9EFFC1F29E173002B5A8A /* Tip2VC.swift in Sources */ = {isa = PBXBuildFile; fileRef = D7B9EFFB1F29E173002B5A8A /* Tip2VC.swift */; };
		D7B9EFFF1F29E8E5002B5A8A /* blue_next.png in Resources */ = {isa = PBXBuildFile; fileRef = D7B9EFFD1F29E8E5002B5A8A /* blue_next.png */; };
		D7B9F0001F29E8E5002B5A8A /* blue_prev.png in Resources */ = {isa = PBXBuildFile; fileRef = D7B9EFFE1F29E8E5002B5A8A /* blue_prev.png */; };
/* End PBXBuildFile section */

/* Begin PBXFileReference section */
		9537B171F7A6B10DC23AC4DD /* Pods_Twitter.framework */ = {isa = PBXFileReference; explicitFileType = wrapper.framework; includeInIndex = 0; path = Pods_Twitter.framework; sourceTree = BUILT_PRODUCTS_DIR; };
		B273E52B46C6D9CEABE3151A /* Pods-Twitter.debug.xcconfig */ = {isa = PBXFileReference; includeInIndex = 1; lastKnownFileType = text.xcconfig; name = "Pods-Twitter.debug.xcconfig"; path = "Pods/Target Support Files/Pods-Twitter/Pods-Twitter.debug.xcconfig"; sourceTree = "<group>"; };
		D7B9EFC21F283376002B5A8A /* Twitter.app */ = {isa = PBXFileReference; explicitFileType = wrapper.application; includeInIndex = 0; path = Twitter.app; sourceTree = BUILT_PRODUCTS_DIR; };
		D7B9EFC51F283376002B5A8A /* AppDelegate.swift */ = {isa = PBXFileReference; lastKnownFileType = sourcecode.swift; path = AppDelegate.swift; sourceTree = "<group>"; };
		D7B9EFC71F283376002B5A8A /* LoginViewController.swift */ = {isa = PBXFileReference; lastKnownFileType = sourcecode.swift; path = LoginViewController.swift; sourceTree = "<group>"; };
		D7B9EFCA1F283376002B5A8A /* Base */ = {isa = PBXFileReference; lastKnownFileType = file.storyboard; name = Base; path = Base.lproj/Main.storyboard; sourceTree = "<group>"; };
		D7B9EFCC1F283376002B5A8A /* Assets.xcassets */ = {isa = PBXFileReference; lastKnownFileType = folder.assetcatalog; path = Assets.xcassets; sourceTree = "<group>"; };
		D7B9EFCF1F283376002B5A8A /* Base */ = {isa = PBXFileReference; lastKnownFileType = file.storyboard; name = Base; path = Base.lproj/LaunchScreen.storyboard; sourceTree = "<group>"; };
		D7B9EFD11F283376002B5A8A /* Info.plist */ = {isa = PBXFileReference; lastKnownFileType = text.plist.xml; path = Info.plist; sourceTree = "<group>"; };
		D7B9EFDE1F289016002B5A8A /* logo.png */ = {isa = PBXFileReference; lastKnownFileType = image.png; name = logo.png; path = images/logo.png; sourceTree = "<group>"; };
		D7B9EFE21F2914A0002B5A8A /* loading.gif */ = {isa = PBXFileReference; lastKnownFileType = image.gif; name = loading.gif; path = images/loading.gif; sourceTree = "<group>"; };
		D7B9EFE41F291796002B5A8A /* iOSDevCenters+GIF.swift */ = {isa = PBXFileReference; fileEncoding = 4; lastKnownFileType = sourcecode.swift; path = "iOSDevCenters+GIF.swift"; sourceTree = "<group>"; };
		D7B9EFE61F292F71002B5A8A /* HomeViewController.swift */ = {isa = PBXFileReference; fileEncoding = 4; lastKnownFileType = sourcecode.swift; path = HomeViewController.swift; sourceTree = "<group>"; };
		D7B9EFE81F2931F4002B5A8A /* AppData.swift */ = {isa = PBXFileReference; fileEncoding = 4; lastKnownFileType = sourcecode.swift; path = AppData.swift; sourceTree = "<group>"; };
		D7B9EFEA1F293BF1002B5A8A /* coin.png */ = {isa = PBXFileReference; lastKnownFileType = image.png; name = coin.png; path = images/coin.png; sourceTree = "<group>"; };
		D7B9EFEE1F298ED6002B5A8A /* avatar.png */ = {isa = PBXFileReference; lastKnownFileType = image.png; name = avatar.png; path = images/avatar.png; sourceTree = "<group>"; };
		D7B9EFF01F29956E002B5A8A /* UserPanelViewController.swift */ = {isa = PBXFileReference; fileEncoding = 4; lastKnownFileType = sourcecode.swift; path = UserPanelViewController.swift; sourceTree = "<group>"; };
		D7B9EFF31F29E0BC002B5A8A /* WelcomeVC.swift */ = {isa = PBXFileReference; fileEncoding = 4; lastKnownFileType = sourcecode.swift; name = WelcomeVC.swift; path = AnalysisSubVCs/WelcomeVC.swift; sourceTree = "<group>"; };
		D7B9EFF71F29E13F002B5A8A /* AnalysisVC.swift */ = {isa = PBXFileReference; fileEncoding = 4; lastKnownFileType = sourcecode.swift; name = AnalysisVC.swift; path = AnalysisSubVCs/AnalysisVC.swift; sourceTree = "<group>"; };
		D7B9EFF91F29E15C002B5A8A /* Tip1VC.swift */ = {isa = PBXFileReference; fileEncoding = 4; lastKnownFileType = sourcecode.swift; name = Tip1VC.swift; path = AnalysisSubVCs/Tip1VC.swift; sourceTree = "<group>"; };
		D7B9EFFB1F29E173002B5A8A /* Tip2VC.swift */ = {isa = PBXFileReference; fileEncoding = 4; lastKnownFileType = sourcecode.swift; name = Tip2VC.swift; path = AnalysisSubVCs/Tip2VC.swift; sourceTree = "<group>"; };
		D7B9EFFD1F29E8E5002B5A8A /* blue_next.png */ = {isa = PBXFileReference; lastKnownFileType = image.png; name = blue_next.png; path = images/blue_next.png; sourceTree = "<group>"; };
		D7B9EFFE1F29E8E5002B5A8A /* blue_prev.png */ = {isa = PBXFileReference; lastKnownFileType = image.png; name = blue_prev.png; path = images/blue_prev.png; sourceTree = "<group>"; };
		DB96DB14A041A3A1C4C4C82A /* Pods-Twitter.release.xcconfig */ = {isa = PBXFileReference; includeInIndex = 1; lastKnownFileType = text.xcconfig; name = "Pods-Twitter.release.xcconfig"; path = "Pods/Target Support Files/Pods-Twitter/Pods-Twitter.release.xcconfig"; sourceTree = "<group>"; };
/* End PBXFileReference section */

/* Begin PBXFrameworksBuildPhase section */
		D7B9EFBF1F283376002B5A8A /* Frameworks */ = {
			isa = PBXFrameworksBuildPhase;
			buildActionMask = 2147483647;
			files = (
				3A6F94B441949923C388346C /* Pods_Twitter.framework in Frameworks */,
			);
			runOnlyForDeploymentPostprocessing = 0;
		};
/* End PBXFrameworksBuildPhase section */

/* Begin PBXGroup section */
		6C85D06F422A0C9995E90AFA /* Pods */ = {
			isa = PBXGroup;
			children = (
				B273E52B46C6D9CEABE3151A /* Pods-Twitter.debug.xcconfig */,
				DB96DB14A041A3A1C4C4C82A /* Pods-Twitter.release.xcconfig */,
			);
			name = Pods;
			sourceTree = "<group>";
		};
		84E281B825FE64767235ED80 /* Frameworks */ = {
			isa = PBXGroup;
			children = (
				9537B171F7A6B10DC23AC4DD /* Pods_Twitter.framework */,
			);
			name = Frameworks;
			sourceTree = "<group>";
		};
		D7B9EFB91F283376002B5A8A = {
			isa = PBXGroup;
			children = (
				D7B9EFC41F283376002B5A8A /* Twitter */,
				D7B9EFC31F283376002B5A8A /* Products */,
				6C85D06F422A0C9995E90AFA /* Pods */,
				84E281B825FE64767235ED80 /* Frameworks */,
			);
			sourceTree = "<group>";
		};
		D7B9EFC31F283376002B5A8A /* Products */ = {
			isa = PBXGroup;
			children = (
				D7B9EFC21F283376002B5A8A /* Twitter.app */,
			);
			name = Products;
			sourceTree = "<group>";
		};
		D7B9EFC41F283376002B5A8A /* Twitter */ = {
			isa = PBXGroup;
			children = (
				D7B9EFF21F29DFDE002B5A8A /* AnalysisSubVCs */,
				D7B9EFE41F291796002B5A8A /* iOSDevCenters+GIF.swift */,
				D7B9EFD71F283BA1002B5A8A /* images */,
				D7B9EFC51F283376002B5A8A /* AppDelegate.swift */,
				D7B9EFC71F283376002B5A8A /* LoginViewController.swift */,
				D7B9EFC91F283376002B5A8A /* Main.storyboard */,
				D7B9EFCC1F283376002B5A8A /* Assets.xcassets */,
				D7B9EFCE1F283376002B5A8A /* LaunchScreen.storyboard */,
				D7B9EFD11F283376002B5A8A /* Info.plist */,
				D7B9EFE61F292F71002B5A8A /* HomeViewController.swift */,
				D7B9EFE81F2931F4002B5A8A /* AppData.swift */,
				D7B9EFF01F29956E002B5A8A /* UserPanelViewController.swift */,
			);
			path = Twitter;
			sourceTree = "<group>";
		};
		D7B9EFD71F283BA1002B5A8A /* images */ = {
			isa = PBXGroup;
			children = (
				D7B9EFFD1F29E8E5002B5A8A /* blue_next.png */,
				D7B9EFFE1F29E8E5002B5A8A /* blue_prev.png */,
				D7B9EFEE1F298ED6002B5A8A /* avatar.png */,
				D7B9EFEA1F293BF1002B5A8A /* coin.png */,
				D7B9EFE21F2914A0002B5A8A /* loading.gif */,
				D7B9EFDE1F289016002B5A8A /* logo.png */,
			);
			name = images;
			sourceTree = "<group>";
		};
		D7B9EFF21F29DFDE002B5A8A /* AnalysisSubVCs */ = {
			isa = PBXGroup;
			children = (
				D7B9EFF31F29E0BC002B5A8A /* WelcomeVC.swift */,
				D7B9EFF71F29E13F002B5A8A /* AnalysisVC.swift */,
				D7B9EFF91F29E15C002B5A8A /* Tip1VC.swift */,
				D7B9EFFB1F29E173002B5A8A /* Tip2VC.swift */,
			);
			name = AnalysisSubVCs;
			sourceTree = "<group>";
		};
/* End PBXGroup section */

/* Begin PBXNativeTarget section */
		D7B9EFC11F283376002B5A8A /* Twitter */ = {
			isa = PBXNativeTarget;
			buildConfigurationList = D7B9EFD41F283376002B5A8A /* Build configuration list for PBXNativeTarget "Twitter" */;
			buildPhases = (
				DF748A80A5F77CCEF4F2FA13 /* [CP] Check Pods Manifest.lock */,
				D7B9EFBE1F283376002B5A8A /* Sources */,
				D7B9EFBF1F283376002B5A8A /* Frameworks */,
				D7B9EFC01F283376002B5A8A /* Resources */,
				4DFEDCBC10CAA93537492F7E /* [CP] Embed Pods Frameworks */,
				D2886C09DCB2BA50984B794F /* [CP] Copy Pods Resources */,
			);
			buildRules = (
			);
			dependencies = (
			);
			name = Twitter;
			productName = Twitter;
			productReference = D7B9EFC21F283376002B5A8A /* Twitter.app */;
			productType = "com.apple.product-type.application";
		};
/* End PBXNativeTarget section */

/* Begin PBXProject section */
		D7B9EFBA1F283376002B5A8A /* Project object */ = {
			isa = PBXProject;
			attributes = {
				LastSwiftUpdateCheck = 0830;
				LastUpgradeCheck = 0830;
				ORGANIZATIONNAME = Dev;
				TargetAttributes = {
					D7B9EFC11F283376002B5A8A = {
						CreatedOnToolsVersion = 8.3;
						DevelopmentTeam = 66A7UK39J6;
						ProvisioningStyle = Manual;
					};
				};
			};
			buildConfigurationList = D7B9EFBD1F283376002B5A8A /* Build configuration list for PBXProject "Twitter" */;
			compatibilityVersion = "Xcode 3.2";
			developmentRegion = English;
			hasScannedForEncodings = 0;
			knownRegions = (
				en,
				Base,
			);
			mainGroup = D7B9EFB91F283376002B5A8A;
			productRefGroup = D7B9EFC31F283376002B5A8A /* Products */;
			projectDirPath = "";
			projectRoot = "";
			targets = (
				D7B9EFC11F283376002B5A8A /* Twitter */,
			);
		};
/* End PBXProject section */

/* Begin PBXResourcesBuildPhase section */
		D7B9EFC01F283376002B5A8A /* Resources */ = {
			isa = PBXResourcesBuildPhase;
			buildActionMask = 2147483647;
			files = (
				D7B9EFDF1F289016002B5A8A /* logo.png in Resources */,
				D7B9EFD01F283376002B5A8A /* LaunchScreen.storyboard in Resources */,
				D7B9EFEB1F293BF1002B5A8A /* coin.png in Resources */,
				D7B9EFE31F2914A0002B5A8A /* loading.gif in Resources */,
				D7B9EFEF1F298ED6002B5A8A /* avatar.png in Resources */,
				D7B9EFCD1F283376002B5A8A /* Assets.xcassets in Resources */,
				D7B9EFFF1F29E8E5002B5A8A /* blue_next.png in Resources */,
				D7B9F0001F29E8E5002B5A8A /* blue_prev.png in Resources */,
				D7B9EFCB1F283376002B5A8A /* Main.storyboard in Resources */,
			);
			runOnlyForDeploymentPostprocessing = 0;
		};
/* End PBXResourcesBuildPhase section */

/* Begin PBXShellScriptBuildPhase section */
		4DFEDCBC10CAA93537492F7E /* [CP] Embed Pods Frameworks */ = {
			isa = PBXShellScriptBuildPhase;
			buildActionMask = 2147483647;
			files = (
			);
			inputPaths = (
			);
			name = "[CP] Embed Pods Frameworks";
			outputPaths = (
			);
			runOnlyForDeploymentPostprocessing = 0;
			shellPath = /bin/sh;
			shellScript = "\"${SRCROOT}/Pods/Target Support Files/Pods-Twitter/Pods-Twitter-frameworks.sh\"\n";
			showEnvVarsInLog = 0;
		};
		D2886C09DCB2BA50984B794F /* [CP] Copy Pods Resources */ = {
			isa = PBXShellScriptBuildPhase;
			buildActionMask = 2147483647;
			files = (
			);
			inputPaths = (
			);
			name = "[CP] Copy Pods Resources";
			outputPaths = (
			);
			runOnlyForDeploymentPostprocessing = 0;
			shellPath = /bin/sh;
			shellScript = "\"${SRCROOT}/Pods/Target Support Files/Pods-Twitter/Pods-Twitter-resources.sh\"\n";
			showEnvVarsInLog = 0;
		};
		DF748A80A5F77CCEF4F2FA13 /* [CP] Check Pods Manifest.lock */ = {
			isa = PBXShellScriptBuildPhase;
			buildActionMask = 2147483647;
			files = (
			);
			inputPaths = (
			);
			name = "[CP] Check Pods Manifest.lock";
			outputPaths = (
			);
			runOnlyForDeploymentPostprocessing = 0;
			shellPath = /bin/sh;
			shellScript = "diff \"${PODS_PODFILE_DIR_PATH}/Podfile.lock\" \"${PODS_ROOT}/Manifest.lock\" > /dev/null\nif [ $? != 0 ] ; then\n    # print error to STDERR\n    echo \"error: The sandbox is not in sync with the Podfile.lock. Run 'pod install' or update your CocoaPods installation.\" >&2\n    exit 1\nfi\n";
			showEnvVarsInLog = 0;
		};
/* End PBXShellScriptBuildPhase section */

/* Begin PBXSourcesBuildPhase section */
		D7B9EFBE1F283376002B5A8A /* Sources */ = {
			isa = PBXSourcesBuildPhase;
			buildActionMask = 2147483647;
			files = (
				D7B9EFFA1F29E15C002B5A8A /* Tip1VC.swift in Sources */,
				D7B9EFF81F29E140002B5A8A /* AnalysisVC.swift in Sources */,
				D7B9EFC81F283376002B5A8A /* LoginViewController.swift in Sources */,
				D7B9EFE51F291796002B5A8A /* iOSDevCenters+GIF.swift in Sources */,
				D7B9EFF11F29956F002B5A8A /* UserPanelViewController.swift in Sources */,
				D7B9EFC61F283376002B5A8A /* AppDelegate.swift in Sources */,
				D7B9EFE71F292F71002B5A8A /* HomeViewController.swift in Sources */,
				D7B9EFFC1F29E173002B5A8A /* Tip2VC.swift in Sources */,
				D7B9EFF41F29E0BC002B5A8A /* WelcomeVC.swift in Sources */,
				D7B9EFE91F2931F4002B5A8A /* AppData.swift in Sources */,
			);
			runOnlyForDeploymentPostprocessing = 0;
		};
/* End PBXSourcesBuildPhase section */

/* Begin PBXVariantGroup section */
		D7B9EFC91F283376002B5A8A /* Main.storyboard */ = {
			isa = PBXVariantGroup;
			children = (
				D7B9EFCA1F283376002B5A8A /* Base */,
			);
			name = Main.storyboard;
			sourceTree = "<group>";
		};
		D7B9EFCE1F283376002B5A8A /* LaunchScreen.storyboard */ = {
			isa = PBXVariantGroup;
			children = (
				D7B9EFCF1F283376002B5A8A /* Base */,
			);
			name = LaunchScreen.storyboard;
			sourceTree = "<group>";
		};
/* End PBXVariantGroup section */

/* Begin XCBuildConfiguration section */
		D7B9EFD21F283376002B5A8A /* Debug */ = {
			isa = XCBuildConfiguration;
			buildSettings = {
				ALWAYS_SEARCH_USER_PATHS = NO;
				CLANG_ANALYZER_NONNULL = YES;
				CLANG_ANALYZER_NUMBER_OBJECT_CONVERSION = YES_AGGRESSIVE;
				CLANG_CXX_LANGUAGE_STANDARD = "gnu++0x";
				CLANG_CXX_LIBRARY = "libc++";
				CLANG_ENABLE_MODULES = YES;
				CLANG_ENABLE_OBJC_ARC = YES;
				CLANG_WARN_BOOL_CONVERSION = YES;
				CLANG_WARN_CONSTANT_CONVERSION = YES;
				CLANG_WARN_DIRECT_OBJC_ISA_USAGE = YES_ERROR;
				CLANG_WARN_DOCUMENTATION_COMMENTS = YES;
				CLANG_WARN_EMPTY_BODY = YES;
				CLANG_WARN_ENUM_CONVERSION = YES;
				CLANG_WARN_INFINITE_RECURSION = YES;
				CLANG_WARN_INT_CONVERSION = YES;
				CLANG_WARN_OBJC_ROOT_CLASS = YES_ERROR;
				CLANG_WARN_SUSPICIOUS_MOVE = YES;
				CLANG_WARN_UNREACHABLE_CODE = YES;
				CLANG_WARN__DUPLICATE_METHOD_MATCH = YES;
				CODE_SIGN_IDENTITY = "iPhone Developer: Gary Wurtzel (B8DC473FD8)";
				"CODE_SIGN_IDENTITY[sdk=iphoneos*]" = "iPhone Developer: Gary Wurtzel (B8DC473FD8)";
				COPY_PHASE_STRIP = NO;
				DEBUG_INFORMATION_FORMAT = dwarf;
				ENABLE_STRICT_OBJC_MSGSEND = YES;
				ENABLE_TESTABILITY = YES;
				GCC_C_LANGUAGE_STANDARD = gnu99;
				GCC_DYNAMIC_NO_PIC = NO;
				GCC_NO_COMMON_BLOCKS = YES;
				GCC_OPTIMIZATION_LEVEL = 0;
				GCC_PREPROCESSOR_DEFINITIONS = (
					"DEBUG=1",
					"$(inherited)",
				);
				GCC_WARN_64_TO_32_BIT_CONVERSION = YES;
				GCC_WARN_ABOUT_RETURN_TYPE = YES_ERROR;
				GCC_WARN_UNDECLARED_SELECTOR = YES;
				GCC_WARN_UNINITIALIZED_AUTOS = YES_AGGRESSIVE;
				GCC_WARN_UNUSED_FUNCTION = YES;
				GCC_WARN_UNUSED_VARIABLE = YES;
				IPHONEOS_DEPLOYMENT_TARGET = 10.3;
				MTL_ENABLE_DEBUG_INFO = YES;
				ONLY_ACTIVE_ARCH = YES;
				SDKROOT = iphoneos;
				SWIFT_ACTIVE_COMPILATION_CONDITIONS = DEBUG;
				SWIFT_OPTIMIZATION_LEVEL = "-Onone";
				TARGETED_DEVICE_FAMILY = "1,2";
			};
			name = Debug;
		};
		D7B9EFD31F283376002B5A8A /* Release */ = {
			isa = XCBuildConfiguration;
			buildSettings = {
				ALWAYS_SEARCH_USER_PATHS = NO;
				CLANG_ANALYZER_NONNULL = YES;
				CLANG_ANALYZER_NUMBER_OBJECT_CONVERSION = YES_AGGRESSIVE;
				CLANG_CXX_LANGUAGE_STANDARD = "gnu++0x";
				CLANG_CXX_LIBRARY = "libc++";
				CLANG_ENABLE_MODULES = YES;
				CLANG_ENABLE_OBJC_ARC = YES;
				CLANG_WARN_BOOL_CONVERSION = YES;
				CLANG_WARN_CONSTANT_CONVERSION = YES;
				CLANG_WARN_DIRECT_OBJC_ISA_USAGE = YES_ERROR;
				CLANG_WARN_DOCUMENTATION_COMMENTS = YES;
				CLANG_WARN_EMPTY_BODY = YES;
				CLANG_WARN_ENUM_CONVERSION = YES;
				CLANG_WARN_INFINITE_RECURSION = YES;
				CLANG_WARN_INT_CONVERSION = YES;
				CLANG_WARN_OBJC_ROOT_CLASS = YES_ERROR;
				CLANG_WARN_SUSPICIOUS_MOVE = YES;
				CLANG_WARN_UNREACHABLE_CODE = YES;
				CLANG_WARN__DUPLICATE_METHOD_MATCH = YES;
				CODE_SIGN_IDENTITY = "iPhone Developer: Gary Wurtzel (B8DC473FD8)";
				"CODE_SIGN_IDENTITY[sdk=iphoneos*]" = "iPhone Developer: Gary Wurtzel (B8DC473FD8)";
				COPY_PHASE_STRIP = NO;
				DEBUG_INFORMATION_FORMAT = "dwarf-with-dsym";
				ENABLE_NS_ASSERTIONS = NO;
				ENABLE_STRICT_OBJC_MSGSEND = YES;
				GCC_C_LANGUAGE_STANDARD = gnu99;
				GCC_NO_COMMON_BLOCKS = YES;
				GCC_WARN_64_TO_32_BIT_CONVERSION = YES;
				GCC_WARN_ABOUT_RETURN_TYPE = YES_ERROR;
				GCC_WARN_UNDECLARED_SELECTOR = YES;
				GCC_WARN_UNINITIALIZED_AUTOS = YES_AGGRESSIVE;
				GCC_WARN_UNUSED_FUNCTION = YES;
				GCC_WARN_UNUSED_VARIABLE = YES;
				IPHONEOS_DEPLOYMENT_TARGET = 10.3;
				MTL_ENABLE_DEBUG_INFO = NO;
				SDKROOT = iphoneos;
				SWIFT_OPTIMIZATION_LEVEL = "-Owholemodule";
				TARGETED_DEVICE_FAMILY = "1,2";
				VALIDATE_PRODUCT = YES;
			};
			name = Release;
		};
		D7B9EFD51F283376002B5A8A /* Debug */ = {
			isa = XCBuildConfiguration;
			baseConfigurationReference = B273E52B46C6D9CEABE3151A /* Pods-Twitter.debug.xcconfig */;
			buildSettings = {
				ASSETCATALOG_COMPILER_APPICON_NAME = AppIcon;
				DEVELOPMENT_TEAM = 66A7UK39J6;
				INFOPLIST_FILE = Twitter/Info.plist;
				LD_RUNPATH_SEARCH_PATHS = "$(inherited) @executable_path/Frameworks";
				PRODUCT_BUNDLE_IDENTIFIER = com.test.Twitter;
				PRODUCT_NAME = "$(TARGET_NAME)";
				PROVISIONING_PROFILE = "d3f3f164-042f-456c-b451-c5d1d276b8e4";
				PROVISIONING_PROFILE_SPECIFIER = Test_Dev;
				SWIFT_VERSION = 3.0;
			};
			name = Debug;
		};
		D7B9EFD61F283376002B5A8A /* Release */ = {
			isa = XCBuildConfiguration;
			baseConfigurationReference = DB96DB14A041A3A1C4C4C82A /* Pods-Twitter.release.xcconfig */;
			buildSettings = {
				ASSETCATALOG_COMPILER_APPICON_NAME = AppIcon;
				DEVELOPMENT_TEAM = 66A7UK39J6;
				INFOPLIST_FILE = Twitter/Info.plist;
				LD_RUNPATH_SEARCH_PATHS = "$(inherited) @executable_path/Frameworks";
				PRODUCT_BUNDLE_IDENTIFIER = com.test.Twitter;
				PRODUCT_NAME = "$(TARGET_NAME)";
				PROVISIONING_PROFILE = "d3f3f164-042f-456c-b451-c5d1d276b8e4";
				PROVISIONING_PROFILE_SPECIFIER = Test_Dev;
				SWIFT_VERSION = 3.0;
			};
			name = Release;
		};
/* End XCBuildConfiguration section */

/* Begin XCConfigurationList section */
		D7B9EFBD1F283376002B5A8A /* Build configuration list for PBXProject "Twitter" */ = {
			isa = XCConfigurationList;
			buildConfigurations = (
				D7B9EFD21F283376002B5A8A /* Debug */,
				D7B9EFD31F283376002B5A8A /* Release */,
			);
			defaultConfigurationIsVisible = 0;
			defaultConfigurationName = Release;
		};
		D7B9EFD41F283376002B5A8A /* Build configuration list for PBXNativeTarget "Twitter" */ = {
			isa = XCConfigurationList;
			buildConfigurations = (
				D7B9EFD51F283376002B5A8A /* Debug */,
				D7B9EFD61F283376002B5A8A /* Release */,
			);
			defaultConfigurationIsVisible = 0;
			defaultConfigurationName = Release;
		};
/* End XCConfigurationList section */
	};
	rootObject = D7B9EFBA1F283376002B5A8A /* Project object */;
}
