// !$*UTF8*$!
{
	archiveVersion = 1;
	classes = {
	};
	objectVersion = 46;
	objects = {

/* Begin PBXBuildFile section */
		D7B9EF3F1F279B89002B5A8A /* main.m in Sources */ = {isa = PBXBuildFile; fileRef = D7B9EF3E1F279B89002B5A8A /* main.m */; };
		D7B9EF421F279B89002B5A8A /* AppDelegate.m in Sources */ = {isa = PBXBuildFile; fileRef = D7B9EF411F279B89002B5A8A /* AppDelegate.m */; };
		D7B9EF451F279B89002B5A8A /* ViewController.m in Sources */ = {isa = PBXBuildFile; fileRef = D7B9EF441F279B89002B5A8A /* ViewController.m */; };
		D7B9EF481F279B89002B5A8A /* Main.storyboard in Resources */ = {isa = PBXBuildFile; fileRef = D7B9EF461F279B89002B5A8A /* Main.storyboard */; };
		D7B9EF4A1F279B89002B5A8A /* Assets.xcassets in Resources */ = {isa = PBXBuildFile; fileRef = D7B9EF491F279B89002B5A8A /* Assets.xcassets */; };
		D7B9EF4D1F279B89002B5A8A /* LaunchScreen.storyboard in Resources */ = {isa = PBXBuildFile; fileRef = D7B9EF4B1F279B89002B5A8A /* LaunchScreen.storyboard */; };
/* End PBXBuildFile section */

/* Begin PBXFileReference section */
		D7B9EF3A1F279B89002B5A8A /* Twitter.app */ = {isa = PBXFileReference; explicitFileType = wrapper.application; includeInIndex = 0; path = Twitter.app; sourceTree = BUILT_PRODUCTS_DIR; };
		D7B9EF3E1F279B89002B5A8A /* main.m */ = {isa = PBXFileReference; lastKnownFileType = sourcecode.c.objc; path = main.m; sourceTree = "<group>"; };
		D7B9EF401F279B89002B5A8A /* AppDelegate.h */ = {isa = PBXFileReference; lastKnownFileType = sourcecode.c.h; path = AppDelegate.h; sourceTree = "<group>"; };
		D7B9EF411F279B89002B5A8A /* AppDelegate.m */ = {isa = PBXFileReference; lastKnownFileType = sourcecode.c.objc; path = AppDelegate.m; sourceTree = "<group>"; };
		D7B9EF431F279B89002B5A8A /* ViewController.h */ = {isa = PBXFileReference; lastKnownFileType = sourcecode.c.h; path = ViewController.h; sourceTree = "<group>"; };
		D7B9EF441F279B89002B5A8A /* ViewController.m */ = {isa = PBXFileReference; lastKnownFileType = sourcecode.c.objc; path = ViewController.m; sourceTree = "<group>"; };
		D7B9EF471F279B89002B5A8A /* Base */ = {isa = PBXFileReference; lastKnownFileType = file.storyboard; name = Base; path = Base.lproj/Main.storyboard; sourceTree = "<group>"; };
		D7B9EF491F279B89002B5A8A /* Assets.xcassets */ = {isa = PBXFileReference; lastKnownFileType = folder.assetcatalog; path = Assets.xcassets; sourceTree = "<group>"; };
		D7B9EF4C1F279B89002B5A8A /* Base */ = {isa = PBXFileReference; lastKnownFileType = file.storyboard; name = Base; path = Base.lproj/LaunchScreen.storyboard; sourceTree = "<group>"; };
		D7B9EF4E1F279B89002B5A8A /* Info.plist */ = {isa = PBXFileReference; lastKnownFileType = text.plist.xml; path = Info.plist; sourceTree = "<group>"; };
/* End PBXFileReference section */

/* Begin PBXFrameworksBuildPhase section */
		D7B9EF371F279B89002B5A8A /* Frameworks */ = {
			isa = PBXFrameworksBuildPhase;
			buildActionMask = 2147483647;
			files = (
			);
			runOnlyForDeploymentPostprocessing = 0;
		};
/* End PBXFrameworksBuildPhase section */

/* Begin PBXGroup section */
		D7B9EF311F279B89002B5A8A = {
			isa = PBXGroup;
			children = (
				D7B9EF3C1F279B89002B5A8A /* Twitter */,
				D7B9EF3B1F279B89002B5A8A /* Products */,
			);
			sourceTree = "<group>";
		};
		D7B9EF3B1F279B89002B5A8A /* Products */ = {
			isa = PBXGroup;
			children = (
				D7B9EF3A1F279B89002B5A8A /* Twitter.app */,
			);
			name = Products;
			sourceTree = "<group>";
		};
		D7B9EF3C1F279B89002B5A8A /* Twitter */ = {
			isa = PBXGroup;
			children = (
				D7B9EF401F279B89002B5A8A /* AppDelegate.h */,
				D7B9EF411F279B89002B5A8A /* AppDelegate.m */,
				D7B9EF431F279B89002B5A8A /* ViewController.h */,
				D7B9EF441F279B89002B5A8A /* ViewController.m */,
				D7B9EF461F279B89002B5A8A /* Main.storyboard */,
				D7B9EF491F279B89002B5A8A /* Assets.xcassets */,
				D7B9EF4B1F279B89002B5A8A /* LaunchScreen.storyboard */,
				D7B9EF4E1F279B89002B5A8A /* Info.plist */,
				D7B9EF3D1F279B89002B5A8A /* Supporting Files */,
			);
			path = Twitter;
			sourceTree = "<group>";
		};
		D7B9EF3D1F279B89002B5A8A /* Supporting Files */ = {
			isa = PBXGroup;
			children = (
				D7B9EF3E1F279B89002B5A8A /* main.m */,
			);
			name = "Supporting Files";
			sourceTree = "<group>";
		};
/* End PBXGroup section */

/* Begin PBXNativeTarget section */
		D7B9EF391F279B89002B5A8A /* Twitter */ = {
			isa = PBXNativeTarget;
			buildConfigurationList = D7B9EF511F279B89002B5A8A /* Build configuration list for PBXNativeTarget "Twitter" */;
			buildPhases = (
				D7B9EF361F279B89002B5A8A /* Sources */,
				D7B9EF371F279B89002B5A8A /* Frameworks */,
				D7B9EF381F279B89002B5A8A /* Resources */,
			);
			buildRules = (
			);
			dependencies = (
			);
			name = Twitter;
			productName = Twitter;
			productReference = D7B9EF3A1F279B89002B5A8A /* Twitter.app */;
			productType = "com.apple.product-type.application";
		};
/* End PBXNativeTarget section */

/* Begin PBXProject section */
		D7B9EF321F279B89002B5A8A /* Project object */ = {
			isa = PBXProject;
			attributes = {
				LastUpgradeCheck = 0830;
				ORGANIZATIONNAME = Dev;
				TargetAttributes = {
					D7B9EF391F279B89002B5A8A = {
						CreatedOnToolsVersion = 8.3;
						ProvisioningStyle = Automatic;
					};
				};
			};
			buildConfigurationList = D7B9EF351F279B89002B5A8A /* Build configuration list for PBXProject "Twitter" */;
			compatibilityVersion = "Xcode 3.2";
			developmentRegion = English;
			hasScannedForEncodings = 0;
			knownRegions = (
				en,
				Base,
			);
			mainGroup = D7B9EF311F279B89002B5A8A;
			productRefGroup = D7B9EF3B1F279B89002B5A8A /* Products */;
			projectDirPath = "";
			projectRoot = "";
			targets = (
				D7B9EF391F279B89002B5A8A /* Twitter */,
			);
		};
/* End PBXProject section */

/* Begin PBXResourcesBuildPhase section */
		D7B9EF381F279B89002B5A8A /* Resources */ = {
			isa = PBXResourcesBuildPhase;
			buildActionMask = 2147483647;
			files = (
				D7B9EF4D1F279B89002B5A8A /* LaunchScreen.storyboard in Resources */,
				D7B9EF4A1F279B89002B5A8A /* Assets.xcassets in Resources */,
				D7B9EF481F279B89002B5A8A /* Main.storyboard in Resources */,
			);
			runOnlyForDeploymentPostprocessing = 0;
		};
/* End PBXResourcesBuildPhase section */

/* Begin PBXSourcesBuildPhase section */
		D7B9EF361F279B89002B5A8A /* Sources */ = {
			isa = PBXSourcesBuildPhase;
			buildActionMask = 2147483647;
			files = (
				D7B9EF451F279B89002B5A8A /* ViewController.m in Sources */,
				D7B9EF421F279B89002B5A8A /* AppDelegate.m in Sources */,
				D7B9EF3F1F279B89002B5A8A /* main.m in Sources */,
			);
			runOnlyForDeploymentPostprocessing = 0;
		};
/* End PBXSourcesBuildPhase section */

/* Begin PBXVariantGroup section */
		D7B9EF461F279B89002B5A8A /* Main.storyboard */ = {
			isa = PBXVariantGroup;
			children = (
				D7B9EF471F279B89002B5A8A /* Base */,
			);
			name = Main.storyboard;
			sourceTree = "<group>";
		};
		D7B9EF4B1F279B89002B5A8A /* LaunchScreen.storyboard */ = {
			isa = PBXVariantGroup;
			children = (
				D7B9EF4C1F279B89002B5A8A /* Base */,
			);
			name = LaunchScreen.storyboard;
			sourceTree = "<group>";
		};
/* End PBXVariantGroup section */

/* Begin XCBuildConfiguration section */
		D7B9EF4F1F279B89002B5A8A /* Debug */ = {
			isa = XCBuildConfiguration;
			buildSettings = {
				ALWAYS_SEARCH_USER_PATHS = NO;
				CLANG_ANALYZER_NONNULL = YES;
				CLANG_ANALYZER_NUMBER_OBJECT_CONVERSION = YES_AGGRESSIVE;
				CLANG_CXX_LANGUAGE_STANDARD = "gnu++0x";
				CLANG_CXX_LIBRARY = "libc++";
				CLANG_ENABLE_MODULES = YES;
				CLANG_ENABLE_OBJC_ARC = YES;
				CLANG_WARN_BOOL_CONVERSION = YES;
				CLANG_WARN_CONSTANT_CONVERSION = YES;
				CLANG_WARN_DIRECT_OBJC_ISA_USAGE = YES_ERROR;
				CLANG_WARN_DOCUMENTATION_COMMENTS = YES;
				CLANG_WARN_EMPTY_BODY = YES;
				CLANG_WARN_ENUM_CONVERSION = YES;
				CLANG_WARN_INFINITE_RECURSION = YES;
				CLANG_WARN_INT_CONVERSION = YES;
				CLANG_WARN_OBJC_ROOT_CLASS = YES_ERROR;
				CLANG_WARN_SUSPICIOUS_MOVE = YES;
				CLANG_WARN_UNREACHABLE_CODE = YES;
				CLANG_WARN__DUPLICATE_METHOD_MATCH = YES;
				"CODE_SIGN_IDENTITY[sdk=iphoneos*]" = "iPhone Developer";
				COPY_PHASE_STRIP = NO;
				DEBUG_INFORMATION_FORMAT = dwarf;
				ENABLE_STRICT_OBJC_MSGSEND = YES;
				ENABLE_TESTABILITY = YES;
				GCC_C_LANGUAGE_STANDARD = gnu99;
				GCC_DYNAMIC_NO_PIC = NO;
				GCC_NO_COMMON_BLOCKS = YES;
				GCC_OPTIMIZATION_LEVEL = 0;
				GCC_PREPROCESSOR_DEFINITIONS = (
					"DEBUG=1",
					"$(inherited)",
				);
				GCC_WARN_64_TO_32_BIT_CONVERSION = YES;
				GCC_WARN_ABOUT_RETURN_TYPE = YES_ERROR;
				GCC_WARN_UNDECLARED_SELECTOR = YES;
				GCC_WARN_UNINITIALIZED_AUTOS = YES_AGGRESSIVE;
				GCC_WARN_UNUSED_FUNCTION = YES;
				GCC_WARN_UNUSED_VARIABLE = YES;
				IPHONEOS_DEPLOYMENT_TARGET = 10.3;
				MTL_ENABLE_DEBUG_INFO = YES;
				ONLY_ACTIVE_ARCH = YES;
				SDKROOT = iphoneos;
			};
			name = Debug;
		};
		D7B9EF501F279B89002B5A8A /* Release */ = {
			isa = XCBuildConfiguration;
			buildSettings = {
				ALWAYS_SEARCH_USER_PATHS = NO;
				CLANG_ANALYZER_NONNULL = YES;
				CLANG_ANALYZER_NUMBER_OBJECT_CONVERSION = YES_AGGRESSIVE;
				CLANG_CXX_LANGUAGE_STANDARD = "gnu++0x";
				CLANG_CXX_LIBRARY = "libc++";
				CLANG_ENABLE_MODULES = YES;
				CLANG_ENABLE_OBJC_ARC = YES;
				CLANG_WARN_BOOL_CONVERSION = YES;
				CLANG_WARN_CONSTANT_CONVERSION = YES;
				CLANG_WARN_DIRECT_OBJC_ISA_USAGE = YES_ERROR;
				CLANG_WARN_DOCUMENTATION_COMMENTS = YES;
				CLANG_WARN_EMPTY_BODY = YES;
				CLANG_WARN_ENUM_CONVERSION = YES;
				CLANG_WARN_INFINITE_RECURSION = YES;
				CLANG_WARN_INT_CONVERSION = YES;
				CLANG_WARN_OBJC_ROOT_CLASS = YES_ERROR;
				CLANG_WARN_SUSPICIOUS_MOVE = YES;
				CLANG_WARN_UNREACHABLE_CODE = YES;
				CLANG_WARN__DUPLICATE_METHOD_MATCH = YES;
				"CODE_SIGN_IDENTITY[sdk=iphoneos*]" = "iPhone Developer";
				COPY_PHASE_STRIP = NO;
				DEBUG_INFORMATION_FORMAT = "dwarf-with-dsym";
				ENABLE_NS_ASSERTIONS = NO;
				ENABLE_STRICT_OBJC_MSGSEND = YES;
				GCC_C_LANGUAGE_STANDARD = gnu99;
				GCC_NO_COMMON_BLOCKS = YES;
				GCC_WARN_64_TO_32_BIT_CONVERSION = YES;
				GCC_WARN_ABOUT_RETURN_TYPE = YES_ERROR;
				GCC_WARN_UNDECLARED_SELECTOR = YES;
				GCC_WARN_UNINITIALIZED_AUTOS = YES_AGGRESSIVE;
				GCC_WARN_UNUSED_FUNCTION = YES;
				GCC_WARN_UNUSED_VARIABLE = YES;
				IPHONEOS_DEPLOYMENT_TARGET = 10.3;
				MTL_ENABLE_DEBUG_INFO = NO;
				SDKROOT = iphoneos;
				VALIDATE_PRODUCT = YES;
			};
			name = Release;
		};
		D7B9EF521F279B89002B5A8A /* Debug */ = {
			isa = XCBuildConfiguration;
			buildSettings = {
				ASSETCATALOG_COMPILER_APPICON_NAME = AppIcon;
				INFOPLIST_FILE = Twitter/Info.plist;
				LD_RUNPATH_SEARCH_PATHS = "$(inherited) @executable_path/Frameworks";
				PRODUCT_BUNDLE_IDENTIFIER = customer.feedback.Twitter;
				PRODUCT_NAME = "$(TARGET_NAME)";
			};
			name = Debug;
		};
		D7B9EF531F279B89002B5A8A /* Release */ = {
			isa = XCBuildConfiguration;
			buildSettings = {
				ASSETCATALOG_COMPILER_APPICON_NAME = AppIcon;
				INFOPLIST_FILE = Twitter/Info.plist;
				LD_RUNPATH_SEARCH_PATHS = "$(inherited) @executable_path/Frameworks";
				PRODUCT_BUNDLE_IDENTIFIER = customer.feedback.Twitter;
				PRODUCT_NAME = "$(TARGET_NAME)";
			};
			name = Release;
		};
/* End XCBuildConfiguration section */

/* Begin XCConfigurationList section */
		D7B9EF351F279B89002B5A8A /* Build configuration list for PBXProject "Twitter" */ = {
			isa = XCConfigurationList;
			buildConfigurations = (
				D7B9EF4F1F279B89002B5A8A /* Debug */,
				D7B9EF501F279B89002B5A8A /* Release */,
			);
			defaultConfigurationIsVisible = 0;
			defaultConfigurationName = Release;
		};
		D7B9EF511F279B89002B5A8A /* Build configuration list for PBXNativeTarget "Twitter" */ = {
			isa = XCConfigurationList;
			buildConfigurations = (
				D7B9EF521F279B89002B5A8A /* Debug */,
				D7B9EF531F279B89002B5A8A /* Release */,
			);
			defaultConfigurationIsVisible = 0;
		};
/* End XCConfigurationList section */
	};
	rootObject = D7B9EF321F279B89002B5A8A /* Project object */;
}
